
Microsoft Visual Studio Solution File, Format Version 12.00
# Visual Studio Version 17
VisualStudioVersion = 17.7.34031.279
MinimumVisualStudioVersion = 10.0.40219.1
Project("{FAE04EC0-301F-11D3-BF4B-00C04F79EFBC}") = "ReliableUDP_dotnet", "ReliableUDP_dotnet.csproj", "{93124AC3-90F1-4198-AD0A-97154FB38A62}"
EndProject
Global
	GlobalSection(SolutionConfigurationPlatforms) = preSolution
		Debug|Any CPU = Debug|Any CPU
		Release|Any CPU = Release|Any CPU
	EndGlobalSection
	GlobalSection(ProjectConfigurationPlatforms) = postSolution
		{93124AC3-90F1-4198-AD0A-97154FB38A62}.Debug|Any CPU.ActiveCfg = Debug|Any CPU
		{93124AC3-90F1-4198-AD0A-97154FB38A62}.Debug|Any CPU.Build.0 = Debug|Any CPU
		{93124AC3-90F1-4198-AD0A-97154FB38A62}.Release|Any CPU.ActiveCfg = Release|Any CPU
		{93124AC3-90F1-4198-AD0A-97154FB38A62}.Release|Any CPU.Build.0 = Release|Any CPU
	EndGlobalSection
	GlobalSection(SolutionProperties) = preSolution
		HideSolutionNode = FALSE
	EndGlobalSection
	GlobalSection(ExtensibilityGlobals) = postSolution
		SolutionGuid = {F8AC0C82-B0DA-4A42-85D2-E5561EFFE889}
	EndGlobalSection
EndGlobal
